// !$*UTF8*$!
{
	archiveVersion = 1;
	classes = {
	};
	objectVersion = 77;
	objects = {

/* Begin PBXBuildFile section */
		0BA876FE9EC80C1E0A7F8FEC /* SettingsView.swift in Sources */ = {isa = PBXBuildFile; fileRef = FCDECD21A7F18B1A586B46A8 /* SettingsView.swift */; };
		13FCBCDB4CD9893989643648 /* MergeEngineTests.swift in Sources */ = {isa = PBXBuildFile; fileRef = B0E545545DDBF5CF38C6CB42 /* MergeEngineTests.swift */; };
		190D65E73D6B26D7DD3957F3 /* MarkdownViewerApp.swift in Sources */ = {isa = PBXBuildFile; fileRef = C7335FBF0A67BB06799F2682 /* MarkdownViewerApp.swift */; };
		1C593F2EF1FFE74C74D6EC29 /* DocumentSession.swift in Sources */ = {isa = PBXBuildFile; fileRef = 3A5F736A34446D20F579FE6B /* DocumentSession.swift */; };
		1DF570870C0CE3BEFC9C318A /* MergeEngine.swift in Sources */ = {isa = PBXBuildFile; fileRef = C0D05FFB9DEDD93005A2E278 /* MergeEngine.swift */; };
		1E0E1F3EEE869277CCA0BF7B /* Markdown in Frameworks */ = {isa = PBXBuildFile; productRef = 0989939AFCDC596F82BFF5BB /* Markdown */; };
		20DEC6764D6E92DF8DC06C01 /* WorkspaceSidebar.swift in Sources */ = {isa = PBXBuildFile; fileRef = 0BC67F3F2A014A6DAD62267F /* WorkspaceSidebar.swift */; };
		2193982E302871679F581F31 /* BundleResourceTests.swift in Sources */ = {isa = PBXBuildFile; fileRef = DDEB72CD2255595EEF03DEB8 /* BundleResourceTests.swift */; };
		37355EEB15467FCBA525325F /* DirectoryMonitor.swift in Sources */ = {isa = PBXBuildFile; fileRef = DFE8A284439EDE23598B258D /* DirectoryMonitor.swift */; };
		4243B2CDAF91C6E5D1024A25 /* AppCommands.swift in Sources */ = {isa = PBXBuildFile; fileRef = DC292E1DAE64EA421D3E78F2 /* AppCommands.swift */; };
		51CE5ECC26F819CB1EC82AEC /* EditorCommand.swift in Sources */ = {isa = PBXBuildFile; fileRef = 04360BE8FAE4D021BCBA6F55 /* EditorCommand.swift */; };
		5E538F72C3BF73C064B63B3C /* EditorWebView.swift in Sources */ = {isa = PBXBuildFile; fileRef = 58BF9B00F618D2AFF5B74F4B /* EditorWebView.swift */; };
		75B8024C2D761F9F29F0BE19 /* index.html in Resources */ = {isa = PBXBuildFile; fileRef = 5C012328CF66204BE0DB3049 /* index.html */; };
		89D02CC753671C725E0E417F /* DocumentSessionTests.swift in Sources */ = {isa = PBXBuildFile; fileRef = 5556C80479A82D9635643A7A /* DocumentSessionTests.swift */; };
		8CA9ACE5D560225BC6720F86 /* MarkdownQuickLook.appex in Embed Foundation Extensions */ = {isa = PBXBuildFile; fileRef = 40F3FD9A2BB110AF4D2A7C50 /* MarkdownQuickLook.appex */; settings = {ATTRIBUTES = (RemoveHeadersOnCopy, ); }; };
		9725FB65386F80FF69744850 /* WorkspaceItemTests.swift in Sources */ = {isa = PBXBuildFile; fileRef = 69D7EEA666965AEA682269B8 /* WorkspaceItemTests.swift */; };
		9FCC15F623B1781833DA63F7 /* MarkdownHTMLRenderer.swift in Sources */ = {isa = PBXBuildFile; fileRef = 1CD805D1AFB27ADE81522F0A /* MarkdownHTMLRenderer.swift */; };
		A47F6CDECB9A7368B8812A96 /* WorkspaceItem.swift in Sources */ = {isa = PBXBuildFile; fileRef = 700B904F489C72BEDC644E95 /* WorkspaceItem.swift */; };
		A6D3A31B20F38805AC9FAAE0 /* assets in Resources */ = {isa = PBXBuildFile; fileRef = BD5358FC70E89CBADE0A4B75 /* assets */; };
		B7B5EBB143ACEF7145A4B1C9 /* WorkspaceStore.swift in Sources */ = {isa = PBXBuildFile; fileRef = F6D53D873D86E4F936FE2365 /* WorkspaceStore.swift */; };
		C1EA8F5AFEC12BE93F08DAC3 /* EmptyWorkspaceView.swift in Sources */ = {isa = PBXBuildFile; fileRef = 44323547A62A32AD6031DAE6 /* EmptyWorkspaceView.swift */; };
		CCD3CF9386C3BBBA7688457D /* RootView.swift in Sources */ = {isa = PBXBuildFile; fileRef = C29B8CC0A7A5171B023C168E /* RootView.swift */; };
		D048A6B2A9D48199582A178F /* FileObservationPresenter.swift in Sources */ = {isa = PBXBuildFile; fileRef = 4EDEAE3AB37C5AB93BE81CE3 /* FileObservationPresenter.swift */; };
		E4B1C5CE6BE4971C1C2A1942 /* PreviewProvider.swift in Sources */ = {isa = PBXBuildFile; fileRef = 1B6B9D92452EAA4BC17EE1BA /* PreviewProvider.swift */; };
		FB8EB65242BEE52E57A6700C /* EditorToolbar.swift in Sources */ = {isa = PBXBuildFile; fileRef = 4C84BE1DF04018BB35283DD6 /* EditorToolbar.swift */; };
/* End PBXBuildFile section */

/* Begin PBXContainerItemProxy section */
		68B1DD20CFC8F8A58994519F /* PBXContainerItemProxy */ = {
			isa = PBXContainerItemProxy;
			containerPortal = 4158DF4D3255C0F07EF0918C /* Project object */;
			proxyType = 1;
			remoteGlobalIDString = 170A9AB09BB36790CA807B78;
			remoteInfo = MarkdownQuickLook;
		};
		A95F278ED3AC54D866470EB6 /* PBXContainerItemProxy */ = {
			isa = PBXContainerItemProxy;
			containerPortal = 4158DF4D3255C0F07EF0918C /* Project object */;
			proxyType = 1;
			remoteGlobalIDString = C67E8A6179C1E98775DBDA09;
			remoteInfo = MarkdownViewer;
		};
/* End PBXContainerItemProxy section */

/* Begin PBXCopyFilesBuildPhase section */
		1D4E3877C6470EBAB903A401 /* Embed Foundation Extensions */ = {
			isa = PBXCopyFilesBuildPhase;
			buildActionMask = 2147483647;
			dstPath = "";
			dstSubfolderSpec = 13;
			files = (
				8CA9ACE5D560225BC6720F86 /* MarkdownQuickLook.appex in Embed Foundation Extensions */,
			);
			name = "Embed Foundation Extensions";
			runOnlyForDeploymentPostprocessing = 0;
		};
/* End PBXCopyFilesBuildPhase section */

/* Begin PBXFileReference section */
		04360BE8FAE4D021BCBA6F55 /* EditorCommand.swift */ = {isa = PBXFileReference; lastKnownFileType = sourcecode.swift; path = EditorCommand.swift; sourceTree = "<group>"; };
		0BC67F3F2A014A6DAD62267F /* WorkspaceSidebar.swift */ = {isa = PBXFileReference; lastKnownFileType = sourcecode.swift; path = WorkspaceSidebar.swift; sourceTree = "<group>"; };
		1B6B9D92452EAA4BC17EE1BA /* PreviewProvider.swift */ = {isa = PBXFileReference; lastKnownFileType = sourcecode.swift; path = PreviewProvider.swift; sourceTree = "<group>"; };
		1CD805D1AFB27ADE81522F0A /* MarkdownHTMLRenderer.swift */ = {isa = PBXFileReference; lastKnownFileType = sourcecode.swift; path = MarkdownHTMLRenderer.swift; sourceTree = "<group>"; };
		1FF43CC71D6561F64CDCF7C0 /* MarkdownViewer.app */ = {isa = PBXFileReference; explicitFileType = wrapper.application; includeInIndex = 0; path = MarkdownViewer.app; sourceTree = BUILT_PRODUCTS_DIR; };
		33385D9AAD0F1CE1489C7666 /* QuickLook.entitlements */ = {isa = PBXFileReference; lastKnownFileType = text.plist.entitlements; path = QuickLook.entitlements; sourceTree = "<group>"; };
		3A5F736A34446D20F579FE6B /* DocumentSession.swift */ = {isa = PBXFileReference; lastKnownFileType = sourcecode.swift; path = DocumentSession.swift; sourceTree = "<group>"; };
		40F3FD9A2BB110AF4D2A7C50 /* MarkdownQuickLook.appex */ = {isa = PBXFileReference; explicitFileType = "wrapper.app-extension"; includeInIndex = 0; path = MarkdownQuickLook.appex; sourceTree = BUILT_PRODUCTS_DIR; };
		44323547A62A32AD6031DAE6 /* EmptyWorkspaceView.swift */ = {isa = PBXFileReference; lastKnownFileType = sourcecode.swift; path = EmptyWorkspaceView.swift; sourceTree = "<group>"; };
		4C84BE1DF04018BB35283DD6 /* EditorToolbar.swift */ = {isa = PBXFileReference; lastKnownFileType = sourcecode.swift; path = EditorToolbar.swift; sourceTree = "<group>"; };
		4EDEAE3AB37C5AB93BE81CE3 /* FileObservationPresenter.swift */ = {isa = PBXFileReference; lastKnownFileType = sourcecode.swift; path = FileObservationPresenter.swift; sourceTree = "<group>"; };
		5556C80479A82D9635643A7A /* DocumentSessionTests.swift */ = {isa = PBXFileReference; lastKnownFileType = sourcecode.swift; path = DocumentSessionTests.swift; sourceTree = "<group>"; };
		58BF9B00F618D2AFF5B74F4B /* EditorWebView.swift */ = {isa = PBXFileReference; lastKnownFileType = sourcecode.swift; path = EditorWebView.swift; sourceTree = "<group>"; };
		5C012328CF66204BE0DB3049 /* index.html */ = {isa = PBXFileReference; lastKnownFileType = text.html; path = index.html; sourceTree = "<group>"; };
		69D7EEA666965AEA682269B8 /* WorkspaceItemTests.swift */ = {isa = PBXFileReference; lastKnownFileType = sourcecode.swift; path = WorkspaceItemTests.swift; sourceTree = "<group>"; };
		6CE86C883001C208D53CE2D0 /* MarkdownViewerTests.xctest */ = {isa = PBXFileReference; explicitFileType = wrapper.cfbundle; includeInIndex = 0; path = MarkdownViewerTests.xctest; sourceTree = BUILT_PRODUCTS_DIR; };
		700B904F489C72BEDC644E95 /* WorkspaceItem.swift */ = {isa = PBXFileReference; lastKnownFileType = sourcecode.swift; path = WorkspaceItem.swift; sourceTree = "<group>"; };
		A1039B9592A3D7407F049580 /* Info.plist */ = {isa = PBXFileReference; lastKnownFileType = text.plist; path = Info.plist; sourceTree = "<group>"; };
		B0E545545DDBF5CF38C6CB42 /* MergeEngineTests.swift */ = {isa = PBXFileReference; lastKnownFileType = sourcecode.swift; path = MergeEngineTests.swift; sourceTree = "<group>"; };
		BD5358FC70E89CBADE0A4B75 /* assets */ = {isa = PBXFileReference; lastKnownFileType = folder; name = assets; path = BundledEditor/assets; sourceTree = SOURCE_ROOT; };
		BFF5AF9144F1453745939178 /* MarkdownViewer.entitlements */ = {isa = PBXFileReference; lastKnownFileType = text.plist.entitlements; path = MarkdownViewer.entitlements; sourceTree = "<group>"; };
		C0D05FFB9DEDD93005A2E278 /* MergeEngine.swift */ = {isa = PBXFileReference; lastKnownFileType = sourcecode.swift; path = MergeEngine.swift; sourceTree = "<group>"; };
		C29B8CC0A7A5171B023C168E /* RootView.swift */ = {isa = PBXFileReference; lastKnownFileType = sourcecode.swift; path = RootView.swift; sourceTree = "<group>"; };
		C7335FBF0A67BB06799F2682 /* MarkdownViewerApp.swift */ = {isa = PBXFileReference; lastKnownFileType = sourcecode.swift; path = MarkdownViewerApp.swift; sourceTree = "<group>"; };
		DC292E1DAE64EA421D3E78F2 /* AppCommands.swift */ = {isa = PBXFileReference; lastKnownFileType = sourcecode.swift; path = AppCommands.swift; sourceTree = "<group>"; };
		DDEB72CD2255595EEF03DEB8 /* BundleResourceTests.swift */ = {isa = PBXFileReference; lastKnownFileType = sourcecode.swift; path = BundleResourceTests.swift; sourceTree = "<group>"; };
		DFE8A284439EDE23598B258D /* DirectoryMonitor.swift */ = {isa = PBXFileReference; lastKnownFileType = sourcecode.swift; path = DirectoryMonitor.swift; sourceTree = "<group>"; };
		E65ED2640D16CBC889D7F367 /* Info.plist */ = {isa = PBXFileReference; lastKnownFileType = text.plist; path = Info.plist; sourceTree = "<group>"; };
		F6D53D873D86E4F936FE2365 /* WorkspaceStore.swift */ = {isa = PBXFileReference; lastKnownFileType = sourcecode.swift; path = WorkspaceStore.swift; sourceTree = "<group>"; };
		FCDECD21A7F18B1A586B46A8 /* SettingsView.swift */ = {isa = PBXFileReference; lastKnownFileType = sourcecode.swift; path = SettingsView.swift; sourceTree = "<group>"; };
/* End PBXFileReference section */

/* Begin PBXFrameworksBuildPhase section */
		7A4D1D48F5FB9C97680F6278 /* Frameworks */ = {
			isa = PBXFrameworksBuildPhase;
			buildActionMask = 2147483647;
			files = (
				1E0E1F3EEE869277CCA0BF7B /* Markdown in Frameworks */,
			);
			runOnlyForDeploymentPostprocessing = 0;
		};
/* End PBXFrameworksBuildPhase section */

/* Begin PBXGroup section */
		0B1739B5813B62994A3DCB3C /* Products */ = {
			isa = PBXGroup;
			children = (
				40F3FD9A2BB110AF4D2A7C50 /* MarkdownQuickLook.appex */,
				1FF43CC71D6561F64CDCF7C0 /* MarkdownViewer.app */,
				6CE86C883001C208D53CE2D0 /* MarkdownViewerTests.xctest */,
			);
			name = Products;
			sourceTree = "<group>";
		};
		0BE902D779084875A903F909 /* Services */ = {
			isa = PBXGroup;
			children = (
				DFE8A284439EDE23598B258D /* DirectoryMonitor.swift */,
				4EDEAE3AB37C5AB93BE81CE3 /* FileObservationPresenter.swift */,
				C0D05FFB9DEDD93005A2E278 /* MergeEngine.swift */,
			);
			path = Services;
			sourceTree = "<group>";
		};
		0FB953805960B49360B44570 /* Models */ = {
			isa = PBXGroup;
			children = (
				3A5F736A34446D20F579FE6B /* DocumentSession.swift */,
				700B904F489C72BEDC644E95 /* WorkspaceItem.swift */,
				F6D53D873D86E4F936FE2365 /* WorkspaceStore.swift */,
			);
			path = Models;
			sourceTree = "<group>";
		};
		261FD094574ADE617590F248 /* Tests */ = {
			isa = PBXGroup;
			children = (
				365D46606BFA04E8376FAEA9 /* MarkdownViewerTests */,
			);
			path = Tests;
			sourceTree = "<group>";
		};
		365D46606BFA04E8376FAEA9 /* MarkdownViewerTests */ = {
			isa = PBXGroup;
			children = (
				DDEB72CD2255595EEF03DEB8 /* BundleResourceTests.swift */,
				5556C80479A82D9635643A7A /* DocumentSessionTests.swift */,
				B0E545545DDBF5CF38C6CB42 /* MergeEngineTests.swift */,
				69D7EEA666965AEA682269B8 /* WorkspaceItemTests.swift */,
			);
			path = MarkdownViewerTests;
			sourceTree = "<group>";
		};
		38663ADACA55EA464A7AA219 /* BundledEditor */ = {
			isa = PBXGroup;
			children = (
				BD5358FC70E89CBADE0A4B75 /* assets */,
				5C012328CF66204BE0DB3049 /* index.html */,
			);
			path = BundledEditor;
			sourceTree = "<group>";
		};
		3A443831EACFD18D1DDC3D55 = {
			isa = PBXGroup;
			children = (
				B67DAB96E5AE0E185BBA2C10 /* App */,
				38663ADACA55EA464A7AA219 /* BundledEditor */,
				4220AFDAF4175436D372B70E /* QuickLook */,
				261FD094574ADE617590F248 /* Tests */,
				0B1739B5813B62994A3DCB3C /* Products */,
			);
			sourceTree = "<group>";
		};
		4220AFDAF4175436D372B70E /* QuickLook */ = {
			isa = PBXGroup;
			children = (
				A1039B9592A3D7407F049580 /* Info.plist */,
				1CD805D1AFB27ADE81522F0A /* MarkdownHTMLRenderer.swift */,
				1B6B9D92452EAA4BC17EE1BA /* PreviewProvider.swift */,
				33385D9AAD0F1CE1489C7666 /* QuickLook.entitlements */,
			);
			path = QuickLook;
			sourceTree = "<group>";
		};
		9C8397B4C31A937BBB252F57 /* Editor */ = {
			isa = PBXGroup;
			children = (
				58BF9B00F618D2AFF5B74F4B /* EditorWebView.swift */,
			);
			path = Editor;
			sourceTree = "<group>";
		};
		B67DAB96E5AE0E185BBA2C10 /* App */ = {
			isa = PBXGroup;
			children = (
				E65ED2640D16CBC889D7F367 /* Info.plist */,
				BFF5AF9144F1453745939178 /* MarkdownViewer.entitlements */,
				C8104D78CF700E9B114DEB84 /* Application */,
				BDD12AB6BD5E70BC8CD265B7 /* Commands */,
				9C8397B4C31A937BBB252F57 /* Editor */,
				0FB953805960B49360B44570 /* Models */,
				0BE902D779084875A903F909 /* Services */,
				F9F115C5A0221DCB26C29853 /* Views */,
			);
			path = App;
			sourceTree = "<group>";
		};
		BDD12AB6BD5E70BC8CD265B7 /* Commands */ = {
			isa = PBXGroup;
			children = (
				DC292E1DAE64EA421D3E78F2 /* AppCommands.swift */,
				04360BE8FAE4D021BCBA6F55 /* EditorCommand.swift */,
			);
			path = Commands;
			sourceTree = "<group>";
		};
		C8104D78CF700E9B114DEB84 /* Application */ = {
			isa = PBXGroup;
			children = (
				C7335FBF0A67BB06799F2682 /* MarkdownViewerApp.swift */,
			);
			path = Application;
			sourceTree = "<group>";
		};
		F9F115C5A0221DCB26C29853 /* Views */ = {
			isa = PBXGroup;
			children = (
				4C84BE1DF04018BB35283DD6 /* EditorToolbar.swift */,
				44323547A62A32AD6031DAE6 /* EmptyWorkspaceView.swift */,
				C29B8CC0A7A5171B023C168E /* RootView.swift */,
				FCDECD21A7F18B1A586B46A8 /* SettingsView.swift */,
				0BC67F3F2A014A6DAD62267F /* WorkspaceSidebar.swift */,
			);
			path = Views;
			sourceTree = "<group>";
		};
/* End PBXGroup section */

/* Begin PBXNativeTarget section */
		170A9AB09BB36790CA807B78 /* MarkdownQuickLook */ = {
			isa = PBXNativeTarget;
			buildConfigurationList = 9F7F86DF20008CF65F2DB88A /* Build configuration list for PBXNativeTarget "MarkdownQuickLook" */;
			buildPhases = (
				BE4836E6AB2BC8C0CF672EFB /* Sources */,
				7A4D1D48F5FB9C97680F6278 /* Frameworks */,
			);
			buildRules = (
			);
			dependencies = (
			);
			name = MarkdownQuickLook;
			packageProductDependencies = (
				0989939AFCDC596F82BFF5BB /* Markdown */,
			);
			productName = MarkdownQuickLook;
			productReference = 40F3FD9A2BB110AF4D2A7C50 /* MarkdownQuickLook.appex */;
			productType = "com.apple.product-type.app-extension";
		};
		C67E8A6179C1E98775DBDA09 /* MarkdownViewer */ = {
			isa = PBXNativeTarget;
			buildConfigurationList = 7CBF8BA695F97507249FF91C /* Build configuration list for PBXNativeTarget "MarkdownViewer" */;
			buildPhases = (
				53F951DDCE78A2F6F41D3084 /* Sources */,
				FEB30CC7C1BDC9DA7BFBCE58 /* Resources */,
				1D4E3877C6470EBAB903A401 /* Embed Foundation Extensions */,
			);
			buildRules = (
			);
			dependencies = (
				372CE21281B190A3FA90811D /* PBXTargetDependency */,
			);
			name = MarkdownViewer;
			packageProductDependencies = (
			);
			productName = MarkdownViewer;
			productReference = 1FF43CC71D6561F64CDCF7C0 /* MarkdownViewer.app */;
			productType = "com.apple.product-type.application";
		};
		DC766F055D01A804FED92AC0 /* MarkdownViewerTests */ = {
			isa = PBXNativeTarget;
			buildConfigurationList = B84AB911A1C4EC7E1A638308 /* Build configuration list for PBXNativeTarget "MarkdownViewerTests" */;
			buildPhases = (
				5ED5250576C285A857BCA735 /* Sources */,
			);
			buildRules = (
			);
			dependencies = (
				22B3A2E203DC72BE136F7DB1 /* PBXTargetDependency */,
			);
			name = MarkdownViewerTests;
			packageProductDependencies = (
			);
			productName = MarkdownViewerTests;
			productReference = 6CE86C883001C208D53CE2D0 /* MarkdownViewerTests.xctest */;
			productType = "com.apple.product-type.bundle.unit-test";
		};
/* End PBXNativeTarget section */

/* Begin PBXProject section */
		4158DF4D3255C0F07EF0918C /* Project object */ = {
			isa = PBXProject;
			attributes = {
				BuildIndependentTargetsInParallel = YES;
				LastUpgradeCheck = 2600;
				TargetAttributes = {
					170A9AB09BB36790CA807B78 = {
						DevelopmentTeam = 8DTMQ4N2LA;
						ProvisioningStyle = Automatic;
					};
					C67E8A6179C1E98775DBDA09 = {
						DevelopmentTeam = 8DTMQ4N2LA;
						ProvisioningStyle = Automatic;
					};
					DC766F055D01A804FED92AC0 = {
						DevelopmentTeam = 8DTMQ4N2LA;
						ProvisioningStyle = Automatic;
					};
				};
			};
			buildConfigurationList = CD50748BEDE67CFD7E2BDF7A /* Build configuration list for PBXProject "MarkdownViewer" */;
			developmentRegion = en;
			hasScannedForEncodings = 0;
			knownRegions = (
				Base,
				en,
			);
			mainGroup = 3A443831EACFD18D1DDC3D55;
			minimizedProjectReferenceProxies = 1;
			packageReferences = (
				720525F61D0DB3EFD1B13D65 /* XCRemoteSwiftPackageReference "swift-markdown" */,
			);
			preferredProjectObjectVersion = 77;
			productRefGroup = 0B1739B5813B62994A3DCB3C /* Products */;
			projectDirPath = "";
			projectRoot = "";
			targets = (
				170A9AB09BB36790CA807B78 /* MarkdownQuickLook */,
				C67E8A6179C1E98775DBDA09 /* MarkdownViewer */,
				DC766F055D01A804FED92AC0 /* MarkdownViewerTests */,
			);
		};
/* End PBXProject section */

/* Begin PBXResourcesBuildPhase section */
		FEB30CC7C1BDC9DA7BFBCE58 /* Resources */ = {
			isa = PBXResourcesBuildPhase;
			buildActionMask = 2147483647;
			files = (
				A6D3A31B20F38805AC9FAAE0 /* assets in Resources */,
				75B8024C2D761F9F29F0BE19 /* index.html in Resources */,
			);
			runOnlyForDeploymentPostprocessing = 0;
		};
/* End PBXResourcesBuildPhase section */

/* Begin PBXSourcesBuildPhase section */
		53F951DDCE78A2F6F41D3084 /* Sources */ = {
			isa = PBXSourcesBuildPhase;
			buildActionMask = 2147483647;
			files = (
				4243B2CDAF91C6E5D1024A25 /* AppCommands.swift in Sources */,
				37355EEB15467FCBA525325F /* DirectoryMonitor.swift in Sources */,
				1C593F2EF1FFE74C74D6EC29 /* DocumentSession.swift in Sources */,
				51CE5ECC26F819CB1EC82AEC /* EditorCommand.swift in Sources */,
				FB8EB65242BEE52E57A6700C /* EditorToolbar.swift in Sources */,
				5E538F72C3BF73C064B63B3C /* EditorWebView.swift in Sources */,
				C1EA8F5AFEC12BE93F08DAC3 /* EmptyWorkspaceView.swift in Sources */,
				D048A6B2A9D48199582A178F /* FileObservationPresenter.swift in Sources */,
				190D65E73D6B26D7DD3957F3 /* MarkdownViewerApp.swift in Sources */,
				1DF570870C0CE3BEFC9C318A /* MergeEngine.swift in Sources */,
				CCD3CF9386C3BBBA7688457D /* RootView.swift in Sources */,
				0BA876FE9EC80C1E0A7F8FEC /* SettingsView.swift in Sources */,
				A47F6CDECB9A7368B8812A96 /* WorkspaceItem.swift in Sources */,
				20DEC6764D6E92DF8DC06C01 /* WorkspaceSidebar.swift in Sources */,
				B7B5EBB143ACEF7145A4B1C9 /* WorkspaceStore.swift in Sources */,
			);
			runOnlyForDeploymentPostprocessing = 0;
		};
		5ED5250576C285A857BCA735 /* Sources */ = {
			isa = PBXSourcesBuildPhase;
			buildActionMask = 2147483647;
			files = (
				2193982E302871679F581F31 /* BundleResourceTests.swift in Sources */,
				89D02CC753671C725E0E417F /* DocumentSessionTests.swift in Sources */,
				13FCBCDB4CD9893989643648 /* MergeEngineTests.swift in Sources */,
				9725FB65386F80FF69744850 /* WorkspaceItemTests.swift in Sources */,
			);
			runOnlyForDeploymentPostprocessing = 0;
		};
		BE4836E6AB2BC8C0CF672EFB /* Sources */ = {
			isa = PBXSourcesBuildPhase;
			buildActionMask = 2147483647;
			files = (
				9FCC15F623B1781833DA63F7 /* MarkdownHTMLRenderer.swift in Sources */,
				E4B1C5CE6BE4971C1C2A1942 /* PreviewProvider.swift in Sources */,
			);
			runOnlyForDeploymentPostprocessing = 0;
		};
/* End PBXSourcesBuildPhase section */

/* Begin PBXTargetDependency section */
		22B3A2E203DC72BE136F7DB1 /* PBXTargetDependency */ = {
			isa = PBXTargetDependency;
			target = C67E8A6179C1E98775DBDA09 /* MarkdownViewer */;
			targetProxy = A95F278ED3AC54D866470EB6 /* PBXContainerItemProxy */;
		};
		372CE21281B190A3FA90811D /* PBXTargetDependency */ = {
			isa = PBXTargetDependency;
			target = 170A9AB09BB36790CA807B78 /* MarkdownQuickLook */;
			targetProxy = 68B1DD20CFC8F8A58994519F /* PBXContainerItemProxy */;
		};
/* End PBXTargetDependency section */

/* Begin XCBuildConfiguration section */
		38ADB43E2DCA3B7654F94018 /* Release */ = {
			isa = XCBuildConfiguration;
			buildSettings = {
				BUNDLE_LOADER = "$(TEST_HOST)";
				COMBINE_HIDPI_IMAGES = YES;
				GENERATE_INFOPLIST_FILE = YES;
				LD_RUNPATH_SEARCH_PATHS = (
					"$(inherited)",
					"@executable_path/../Frameworks",
					"@loader_path/../Frameworks",
				);
				PRODUCT_BUNDLE_IDENTIFIER = com.antonreinig.MarkdownViewerTests;
				SDKROOT = macosx;
				TEST_HOST = "$(BUILT_PRODUCTS_DIR)/MarkdownViewer.app/Contents/MacOS/MarkdownViewer";
			};
			name = Release;
		};
		4D1D8777136AEC816C1A465C /* Debug */ = {
			isa = XCBuildConfiguration;
			buildSettings = {
				CODE_SIGN_ENTITLEMENTS = QuickLook/QuickLook.entitlements;
				COMBINE_HIDPI_IMAGES = YES;
				ENABLE_HARDENED_RUNTIME = YES;
				GENERATE_INFOPLIST_FILE = NO;
				INFOPLIST_FILE = QuickLook/Info.plist;
				LD_RUNPATH_SEARCH_PATHS = (
					"$(inherited)",
					"@executable_path/../Frameworks",
					"@executable_path/../../../../Frameworks",
				);
				PRODUCT_BUNDLE_IDENTIFIER = com.antonreinig.MarkdownViewer.QuickLook;
				PRODUCT_NAME = "Markdown Viewer Quick Look";
				SDKROOT = macosx;
				SKIP_INSTALL = YES;
			};
			name = Debug;
		};
		64672DF1EFF890A04C40232F /* Debug */ = {
			isa = XCBuildConfiguration;
			buildSettings = {
				ASSETCATALOG_COMPILER_APPICON_NAME = AppIcon;
				CODE_SIGN_ENTITLEMENTS = App/MarkdownViewer.entitlements;
				COMBINE_HIDPI_IMAGES = YES;
				ENABLE_HARDENED_RUNTIME = YES;
				GENERATE_INFOPLIST_FILE = NO;
				INFOPLIST_FILE = App/Info.plist;
				LD_RUNPATH_SEARCH_PATHS = (
					"$(inherited)",
					"@executable_path/../Frameworks",
				);
				PRODUCT_BUNDLE_IDENTIFIER = com.antonreinig.MarkdownViewer;
				SDKROOT = macosx;
			};
			name = Debug;
		};
		AD745310BF2785B1DA577F60 /* Release */ = {
			isa = XCBuildConfiguration;
			buildSettings = {
				CODE_SIGN_ENTITLEMENTS = QuickLook/QuickLook.entitlements;
				COMBINE_HIDPI_IMAGES = YES;
				ENABLE_HARDENED_RUNTIME = YES;
				GENERATE_INFOPLIST_FILE = NO;
				INFOPLIST_FILE = QuickLook/Info.plist;
				LD_RUNPATH_SEARCH_PATHS = (
					"$(inherited)",
					"@executable_path/../Frameworks",
					"@executable_path/../../../../Frameworks",
				);
				PRODUCT_BUNDLE_IDENTIFIER = com.antonreinig.MarkdownViewer.QuickLook;
				PRODUCT_NAME = "Markdown Viewer Quick Look";
				SDKROOT = macosx;
				SKIP_INSTALL = YES;
			};
			name = Release;
		};
		BBB1872736A428D66D383859 /* Debug */ = {
			isa = XCBuildConfiguration;
			buildSettings = {
				ALWAYS_SEARCH_USER_PATHS = NO;
				ARCHS = arm64;
				CLANG_ANALYZER_NONNULL = YES;
				CLANG_ANALYZER_NUMBER_OBJECT_CONVERSION = YES_AGGRESSIVE;
				CLANG_CXX_LANGUAGE_STANDARD = "gnu++14";
				CLANG_CXX_LIBRARY = "libc++";
				CLANG_ENABLE_MODULES = YES;
				CLANG_ENABLE_OBJC_ARC = YES;
				CLANG_ENABLE_OBJC_WEAK = YES;
				CLANG_WARN_BLOCK_CAPTURE_AUTORELEASING = YES;
				CLANG_WARN_BOOL_CONVERSION = YES;
				CLANG_WARN_COMMA = YES;
				CLANG_WARN_CONSTANT_CONVERSION = YES;
				CLANG_WARN_DEPRECATED_OBJC_IMPLEMENTATIONS = YES;
				CLANG_WARN_DIRECT_OBJC_ISA_USAGE = YES_ERROR;
				CLANG_WARN_DOCUMENTATION_COMMENTS = YES;
				CLANG_WARN_EMPTY_BODY = YES;
				CLANG_WARN_ENUM_CONVERSION = YES;
				CLANG_WARN_INFINITE_RECURSION = YES;
				CLANG_WARN_INT_CONVERSION = YES;
				CLANG_WARN_NON_LITERAL_NULL_CONVERSION = YES;
				CLANG_WARN_OBJC_IMPLICIT_RETAIN_SELF = YES;
				CLANG_WARN_OBJC_LITERAL_CONVERSION = YES;
				CLANG_WARN_OBJC_ROOT_CLASS = YES_ERROR;
				CLANG_WARN_QUOTED_INCLUDE_IN_FRAMEWORK_HEADER = YES;
				CLANG_WARN_RANGE_LOOP_ANALYSIS = YES;
				CLANG_WARN_STRICT_PROTOTYPES = YES;
				CLANG_WARN_SUSPICIOUS_MOVE = YES;
				CLANG_WARN_UNGUARDED_AVAILABILITY = YES_AGGRESSIVE;
				CLANG_WARN_UNREACHABLE_CODE = YES;
				CLANG_WARN__DUPLICATE_METHOD_MATCH = YES;
				CODE_SIGN_STYLE = Automatic;
				COPY_PHASE_STRIP = NO;
				CURRENT_PROJECT_VERSION = 1;
				DEAD_CODE_STRIPPING = YES;
				DEBUG_INFORMATION_FORMAT = dwarf;
				DEVELOPMENT_TEAM = 8DTMQ4N2LA;
				ENABLE_STRICT_OBJC_MSGSEND = YES;
				ENABLE_TESTABILITY = YES;
				GCC_C_LANGUAGE_STANDARD = gnu11;
				GCC_DYNAMIC_NO_PIC = NO;
				GCC_NO_COMMON_BLOCKS = YES;
				GCC_OPTIMIZATION_LEVEL = 0;
				GCC_PREPROCESSOR_DEFINITIONS = (
					"$(inherited)",
					"DEBUG=1",
				);
				GCC_WARN_64_TO_32_BIT_CONVERSION = YES;
				GCC_WARN_ABOUT_RETURN_TYPE = YES_ERROR;
				GCC_WARN_UNDECLARED_SELECTOR = YES;
				GCC_WARN_UNINITIALIZED_AUTOS = YES_AGGRESSIVE;
				GCC_WARN_UNUSED_FUNCTION = YES;
				GCC_WARN_UNUSED_VARIABLE = YES;
				MACOSX_DEPLOYMENT_TARGET = 14.0;
				MARKETING_VERSION = 0.1.0;
				MTL_ENABLE_DEBUG_INFO = INCLUDE_SOURCE;
				MTL_FAST_MATH = YES;
				ONLY_ACTIVE_ARCH = NO;
				PRODUCT_NAME = "$(TARGET_NAME)";
				SDKROOT = macosx;
				SWIFT_ACTIVE_COMPILATION_CONDITIONS = DEBUG;
				SWIFT_OPTIMIZATION_LEVEL = "-Onone";
				SWIFT_VERSION = 6.0;
			};
			name = Debug;
		};
		E23CC8A5A3D7A61BED4942C5 /* Debug */ = {
			isa = XCBuildConfiguration;
			buildSettings = {
				BUNDLE_LOADER = "$(TEST_HOST)";
				COMBINE_HIDPI_IMAGES = YES;
				GENERATE_INFOPLIST_FILE = YES;
				LD_RUNPATH_SEARCH_PATHS = (
					"$(inherited)",
					"@executable_path/../Frameworks",
					"@loader_path/../Frameworks",
				);
				PRODUCT_BUNDLE_IDENTIFIER = com.antonreinig.MarkdownViewerTests;
				SDKROOT = macosx;
				TEST_HOST = "$(BUILT_PRODUCTS_DIR)/MarkdownViewer.app/Contents/MacOS/MarkdownViewer";
			};
			name = Debug;
		};
		F18D1208D5B6E6E37B1705E1 /* Release */ = {
			isa = XCBuildConfiguration;
			buildSettings = {
				ASSETCATALOG_COMPILER_APPICON_NAME = AppIcon;
				CODE_SIGN_ENTITLEMENTS = App/MarkdownViewer.entitlements;
				COMBINE_HIDPI_IMAGES = YES;
				ENABLE_HARDENED_RUNTIME = YES;
				GENERATE_INFOPLIST_FILE = NO;
				INFOPLIST_FILE = App/Info.plist;
				LD_RUNPATH_SEARCH_PATHS = (
					"$(inherited)",
					"@executable_path/../Frameworks",
				);
				PRODUCT_BUNDLE_IDENTIFIER = com.antonreinig.MarkdownViewer;
				SDKROOT = macosx;
			};
			name = Release;
		};
		FFFB93EF1760AD7F7031B8A5 /* Release */ = {
			isa = XCBuildConfiguration;
			buildSettings = {
				ALWAYS_SEARCH_USER_PATHS = NO;
				ARCHS = arm64;
				CLANG_ANALYZER_NONNULL = YES;
				CLANG_ANALYZER_NUMBER_OBJECT_CONVERSION = YES_AGGRESSIVE;
				CLANG_CXX_LANGUAGE_STANDARD = "gnu++14";
				CLANG_CXX_LIBRARY = "libc++";
				CLANG_ENABLE_MODULES = YES;
				CLANG_ENABLE_OBJC_ARC = YES;
				CLANG_ENABLE_OBJC_WEAK = YES;
				CLANG_WARN_BLOCK_CAPTURE_AUTORELEASING = YES;
				CLANG_WARN_BOOL_CONVERSION = YES;
				CLANG_WARN_COMMA = YES;
				CLANG_WARN_CONSTANT_CONVERSION = YES;
				CLANG_WARN_DEPRECATED_OBJC_IMPLEMENTATIONS = YES;
				CLANG_WARN_DIRECT_OBJC_ISA_USAGE = YES_ERROR;
				CLANG_WARN_DOCUMENTATION_COMMENTS = YES;
				CLANG_WARN_EMPTY_BODY = YES;
				CLANG_WARN_ENUM_CONVERSION = YES;
				CLANG_WARN_INFINITE_RECURSION = YES;
				CLANG_WARN_INT_CONVERSION = YES;
				CLANG_WARN_NON_LITERAL_NULL_CONVERSION = YES;
				CLANG_WARN_OBJC_IMPLICIT_RETAIN_SELF = YES;
				CLANG_WARN_OBJC_LITERAL_CONVERSION = YES;
				CLANG_WARN_OBJC_ROOT_CLASS = YES_ERROR;
				CLANG_WARN_QUOTED_INCLUDE_IN_FRAMEWORK_HEADER = YES;
				CLANG_WARN_RANGE_LOOP_ANALYSIS = YES;
				CLANG_WARN_STRICT_PROTOTYPES = YES;
				CLANG_WARN_SUSPICIOUS_MOVE = YES;
				CLANG_WARN_UNGUARDED_AVAILABILITY = YES_AGGRESSIVE;
				CLANG_WARN_UNREACHABLE_CODE = YES;
				CLANG_WARN__DUPLICATE_METHOD_MATCH = YES;
				CODE_SIGN_STYLE = Automatic;
				COPY_PHASE_STRIP = NO;
				CURRENT_PROJECT_VERSION = 1;
				DEAD_CODE_STRIPPING = YES;
				DEBUG_INFORMATION_FORMAT = "dwarf-with-dsym";
				DEVELOPMENT_TEAM = 8DTMQ4N2LA;
				ENABLE_NS_ASSERTIONS = NO;
				ENABLE_STRICT_OBJC_MSGSEND = YES;
				GCC_C_LANGUAGE_STANDARD = gnu11;
				GCC_NO_COMMON_BLOCKS = YES;
				GCC_WARN_64_TO_32_BIT_CONVERSION = YES;
				GCC_WARN_ABOUT_RETURN_TYPE = YES_ERROR;
				GCC_WARN_UNDECLARED_SELECTOR = YES;
				GCC_WARN_UNINITIALIZED_AUTOS = YES_AGGRESSIVE;
				GCC_WARN_UNUSED_FUNCTION = YES;
				GCC_WARN_UNUSED_VARIABLE = YES;
				MACOSX_DEPLOYMENT_TARGET = 14.0;
				MARKETING_VERSION = 0.1.0;
				MTL_ENABLE_DEBUG_INFO = NO;
				MTL_FAST_MATH = YES;
				ONLY_ACTIVE_ARCH = NO;
				PRODUCT_NAME = "$(TARGET_NAME)";
				SDKROOT = macosx;
				SWIFT_COMPILATION_MODE = wholemodule;
				SWIFT_OPTIMIZATION_LEVEL = "-O";
				SWIFT_VERSION = 6.0;
			};
			name = Release;
		};
/* End XCBuildConfiguration section */

/* Begin XCConfigurationList section */
		7CBF8BA695F97507249FF91C /* Build configuration list for PBXNativeTarget "MarkdownViewer" */ = {
			isa = XCConfigurationList;
			buildConfigurations = (
				64672DF1EFF890A04C40232F /* Debug */,
				F18D1208D5B6E6E37B1705E1 /* Release */,
			);
			defaultConfigurationIsVisible = 0;
			defaultConfigurationName = Debug;
		};
		9F7F86DF20008CF65F2DB88A /* Build configuration list for PBXNativeTarget "MarkdownQuickLook" */ = {
			isa = XCConfigurationList;
			buildConfigurations = (
				4D1D8777136AEC816C1A465C /* Debug */,
				AD745310BF2785B1DA577F60 /* Release */,
			);
			defaultConfigurationIsVisible = 0;
			defaultConfigurationName = Debug;
		};
		B84AB911A1C4EC7E1A638308 /* Build configuration list for PBXNativeTarget "MarkdownViewerTests" */ = {
			isa = XCConfigurationList;
			buildConfigurations = (
				E23CC8A5A3D7A61BED4942C5 /* Debug */,
				38ADB43E2DCA3B7654F94018 /* Release */,
			);
			defaultConfigurationIsVisible = 0;
			defaultConfigurationName = Debug;
		};
		CD50748BEDE67CFD7E2BDF7A /* Build configuration list for PBXProject "MarkdownViewer" */ = {
			isa = XCConfigurationList;
			buildConfigurations = (
				BBB1872736A428D66D383859 /* Debug */,
				FFFB93EF1760AD7F7031B8A5 /* Release */,
			);
			defaultConfigurationIsVisible = 0;
			defaultConfigurationName = Debug;
		};
/* End XCConfigurationList section */

/* Begin XCRemoteSwiftPackageReference section */
		720525F61D0DB3EFD1B13D65 /* XCRemoteSwiftPackageReference "swift-markdown" */ = {
			isa = XCRemoteSwiftPackageReference;
			repositoryURL = "https://github.com/swiftlang/swift-markdown.git";
			requirement = {
				kind = upToNextMajorVersion;
				minimumVersion = 0.8.0;
			};
		};
/* End XCRemoteSwiftPackageReference section */

/* Begin XCSwiftPackageProductDependency section */
		0989939AFCDC596F82BFF5BB /* Markdown */ = {
			isa = XCSwiftPackageProductDependency;
			package = 720525F61D0DB3EFD1B13D65 /* XCRemoteSwiftPackageReference "swift-markdown" */;
			productName = Markdown;
		};
/* End XCSwiftPackageProductDependency section */
	};
	rootObject = 4158DF4D3255C0F07EF0918C /* Project object */;
}
